Microsoft Visual Studio Solution File, Format Version 11.00
# Visual Studio 2010
Project("{8BC9CEB8-8B4A-11D0-8D11-00A0C91BC942}") = "qwt", "src\qwt.vcxproj", "{5530F288-E722-38AD-B944-CDB4CE15EDF4}"
EndProject
Global
	GlobalSection(SolutionConfigurationPlatforms) = preSolution
		Debug|Win32 = Debug|Win32
		Debug|x64 = Debug|x64
		Release|Win32 = Release|Win32
		Release|x64 = Release|x64
	EndGlobalSection
	GlobalSection(ProjectConfigurationPlatforms) = postSolution
		{5530F288-E722-38AD-B944-CDB4CE15EDF4}.Debug|Win32.ActiveCfg = Debug|Win32
		{5530F288-E722-38AD-B944-CDB4CE15EDF4}.Debug|Win32.Build.0 = Debug|Win32
		{5530F288-E722-38AD-B944-CDB4CE15EDF4}.Debug|x64.ActiveCfg = Debug|x64
		{5530F288-E722-38AD-B944-CDB4CE15EDF4}.Debug|x64.Build.0 = Debug|x64
		{5530F288-E722-38AD-B944-CDB4CE15EDF4}.Release|Win32.ActiveCfg = Release|Win32
		{5530F288-E722-38AD-B944-CDB4CE15EDF4}.Release|Win32.Build.0 = Release|Win32
		{5530F288-E722-38AD-B944-CDB4CE15EDF4}.Release|x64.ActiveCfg = Release|x64
		{5530F288-E722-38AD-B944-CDB4CE15EDF4}.Release|x64.Build.0 = Release|x64
	EndGlobalSection
	GlobalSection(SolutionProperties) = preSolution
		HideSolutionNode = FALSE
	EndGlobalSection
	GlobalSection(ExtensibilityGlobals) = postSolution
		Qt5Version = msvc2010_x64_opengl
		QtVersion = 4.8.6
	EndGlobalSection
EndGlobal
